PODS:
  - EasyPeasy (1.6.0)
  - Fakery (3.3.0)
  - FittableFontLabel (2.0.0)
  - GoogleMaps (2.6.0):
    - GoogleMaps/Maps (= 2.6.0)
  - GoogleMaps/Base (2.6.0)
  - GoogleMaps/Maps (2.6.0):
    - GoogleMaps/Base
  - Mockingjay (2.0.1):
    - Mockingjay/Core (= 2.0.1)
    - Mockingjay/XCTest (= 2.0.1)
  - Mockingjay/Core (2.0.1):
    - URITemplate (~> 2.0)
  - Mockingjay/XCTest (2.0.1):
    - Mockingjay/Core
  - Nimble (7.0.3)
  - Quick (1.2.0)
  - RxBlocking (4.1.2):
    - RxSwift (~> 4.0)
  - RxCocoa (4.1.2):
    - RxSwift (~> 4.0)
  - RxCoreLocation (1.0.0):
    - RxCoreLocation/Core (= 1.0.0)
  - RxCoreLocation/Core (1.0.0):
    - RxCocoa (~> 4.0)
    - RxSwift (~> 4.0)
  - RxGoogleMaps (3.0.1):
    - GoogleMaps (~> 2.6.0)
    - RxCocoa (~> 4.0)
    - RxSwift (~> 4.0)
  - RxOptional (3.3.0):
    - RxCocoa (~> 4.0)
    - RxSwift (~> 4.0)
  - RxSwift (4.1.2)
  - RxSwiftExt (3.2.0):
    - RxSwiftExt/Core (= 3.2.0)
  - RxSwiftExt/Core (3.2.0):
    - RxSwift (~> 4.0)
  - Solar (2.1.0)
  - URITemplate (2.0.3)

DEPENDENCIES:
  - EasyPeasy (~> 1.6)
  - Fakery (~> 3.3)
  - FittableFontLabel (~> 2.0)
  - Mockingjay (~> 2.0)
  - Nimble (~> 7.0)
  - Quick (~> 1.2)
  - RxBlocking (~> 4.1)
  - RxCocoa (~> 4.1)
  - RxCoreLocation (~> 1.0)
  - RxGoogleMaps (~> 3.0)
  - RxOptional (~> 3.3)
  - RxSwift (~> 4.1)
  - RxSwiftExt (~> 3.2)
  - Solar (~> 2.1)

SPEC REPOS:
  https://github.com/CocoaPods/Specs.git:
    - EasyPeasy
    - Fakery
    - FittableFontLabel
    - GoogleMaps
    - Mockingjay
    - Nimble
    - Quick
    - RxBlocking
    - RxCocoa
    - RxCoreLocation
    - RxGoogleMaps
    - RxOptional
    - RxSwift
    - RxSwiftExt
    - Solar
    - URITemplate

SPEC CHECKSUMS:
  EasyPeasy: aef0a77d7e7636d6b5e046194bc911b0a8d73c88
  Fakery: 3aae11a87721c807c18c6456500d088c1230d3e5
  FittableFontLabel: 977d130e137bd4f57a36adfb4f50361992abc7f2
  GoogleMaps: 42f91c68b7fa2f84d5c86597b18ceb99f5414c7f
  Mockingjay: 11a621880d2887f1775bdcf824341eb68f218450
  Nimble: 7f5a9c447a33002645a071bddafbfb24ea70e0ac
  Quick: 58d203b1c5e27fff7229c4c1ae445ad7069a7a08
  RxBlocking: f6054985901412fc8c02daa84e92d4ba68c61389
  RxCocoa: d88ba0f1f6abf040011a9eb4b539324fc426843a
  RxCoreLocation: 720d166b2692ceae5703f1b47817ea974356fff2
  RxGoogleMaps: 8e8501ee42f2f4095c02e7794ecb0e8758358934
  RxOptional: e5448d3e21024489e07c31f6a262f2b50c975367
  RxSwift: e49536837d9901277638493ea537394d4b55f570
  RxSwiftExt: 64b7140124629a6a084159735f3714f0fb1c61d6
  Solar: 2dc6e7cc39186cb0c8228fa08df76fb50c7d8f24
  URITemplate: ace0c4c46dcf8afe6e89b4060621852886b15c3b

PODFILE CHECKSUM: 3b6899212559aaf79f67247b4bb8aaa8cfdb4a61

COCOAPODS: 1.5.0
